// !$*UTF8*$!
{
	archiveVersion = 1;
	classes = {
	};
	objectVersion = 51;
	objects = {

/* Begin PBXBuildFile section */
		3131F4B81AC16E065513DDF9 /* Pods_WeatherAppv2.framework in Frameworks */ = {isa = PBXBuildFile; fileRef = B00549264CC0C61B991BCDB1 /* Pods_WeatherAppv2.framework */; };
		BA465ECB22CB56E600550785 /* AppDelegate.swift in Sources */ = {isa = PBXBuildFile; fileRef = BA465ECA22CB56E600550785 /* AppDelegate.swift */; };
		BA465ECD22CB56E600550785 /* MainController.swift in Sources */ = {isa = PBXBuildFile; fileRef = BA465ECC22CB56E600550785 /* MainController.swift */; };
		BA465ED022CB56E600550785 /* Main.storyboard in Resources */ = {isa = PBXBuildFile; fileRef = BA465ECE22CB56E600550785 /* Main.storyboard */; };
		BA465ED222CB56E700550785 /* Assets.xcassets in Resources */ = {isa = PBXBuildFile; fileRef = BA465ED122CB56E700550785 /* Assets.xcassets */; };
		BA465ED522CB56E700550785 /* LaunchScreen.storyboard in Resources */ = {isa = PBXBuildFile; fileRef = BA465ED322CB56E700550785 /* LaunchScreen.storyboard */; };
		BA465EDD22CB701F00550785 /* ForecastCell.swift in Sources */ = {isa = PBXBuildFile; fileRef = BA465EDC22CB701F00550785 /* ForecastCell.swift */; };
		BA465EDF22CB7A2100550785 /* TopCell.swift in Sources */ = {isa = PBXBuildFile; fileRef = BA465EDE22CB7A2100550785 /* TopCell.swift */; };
		BA465EE122CB7C2900550785 /* MidCell.swift in Sources */ = {isa = PBXBuildFile; fileRef = BA465EE022CB7C2900550785 /* MidCell.swift */; };
		BA465EE322CB7C3D00550785 /* BottomCell.swift in Sources */ = {isa = PBXBuildFile; fileRef = BA465EE222CB7C3D00550785 /* BottomCell.swift */; };
		BA5E5C9122CB834400AD8A90 /* APIManager.swift in Sources */ = {isa = PBXBuildFile; fileRef = BA5E5C9022CB834400AD8A90 /* APIManager.swift */; };
		BA5E5C9322CB837A00AD8A90 /* MasterResponse.swift in Sources */ = {isa = PBXBuildFile; fileRef = BA5E5C9222CB837A00AD8A90 /* MasterResponse.swift */; };
		BA5E5C9522CB839C00AD8A90 /* Page.swift in Sources */ = {isa = PBXBuildFile; fileRef = BA5E5C9422CB839C00AD8A90 /* Page.swift */; };
/* End PBXBuildFile section */

/* Begin PBXFileReference section */
		042E31D1AB64BEF6FAA7D82F /* Pods-WeatherAppv2.debug.xcconfig */ = {isa = PBXFileReference; includeInIndex = 1; lastKnownFileType = text.xcconfig; name = "Pods-WeatherAppv2.debug.xcconfig"; path = "Target Support Files/Pods-WeatherAppv2/Pods-WeatherAppv2.debug.xcconfig"; sourceTree = "<group>"; };
		46CC6EB34390260EED902C5B /* Pods-WeatherAppv2.release.xcconfig */ = {isa = PBXFileReference; includeInIndex = 1; lastKnownFileType = text.xcconfig; name = "Pods-WeatherAppv2.release.xcconfig"; path = "Target Support Files/Pods-WeatherAppv2/Pods-WeatherAppv2.release.xcconfig"; sourceTree = "<group>"; };
		B00549264CC0C61B991BCDB1 /* Pods_WeatherAppv2.framework */ = {isa = PBXFileReference; explicitFileType = wrapper.framework; includeInIndex = 0; path = Pods_WeatherAppv2.framework; sourceTree = BUILT_PRODUCTS_DIR; };
		BA465EC722CB56E600550785 /* WeatherAppv2.app */ = {isa = PBXFileReference; explicitFileType = wrapper.application; includeInIndex = 0; path = WeatherAppv2.app; sourceTree = BUILT_PRODUCTS_DIR; };
		BA465ECA22CB56E600550785 /* AppDelegate.swift */ = {isa = PBXFileReference; lastKnownFileType = sourcecode.swift; path = AppDelegate.swift; sourceTree = "<group>"; };
		BA465ECC22CB56E600550785 /* MainController.swift */ = {isa = PBXFileReference; lastKnownFileType = sourcecode.swift; path = MainController.swift; sourceTree = "<group>"; };
		BA465ECF22CB56E600550785 /* Base */ = {isa = PBXFileReference; lastKnownFileType = file.storyboard; name = Base; path = Base.lproj/Main.storyboard; sourceTree = "<group>"; };
		BA465ED122CB56E700550785 /* Assets.xcassets */ = {isa = PBXFileReference; lastKnownFileType = folder.assetcatalog; path = Assets.xcassets; sourceTree = "<group>"; };
		BA465ED422CB56E700550785 /* Base */ = {isa = PBXFileReference; lastKnownFileType = file.storyboard; name = Base; path = Base.lproj/LaunchScreen.storyboard; sourceTree = "<group>"; };
		BA465ED622CB56E700550785 /* Info.plist */ = {isa = PBXFileReference; lastKnownFileType = text.plist.xml; path = Info.plist; sourceTree = "<group>"; };
		BA465EDC22CB701F00550785 /* ForecastCell.swift */ = {isa = PBXFileReference; lastKnownFileType = sourcecode.swift; path = ForecastCell.swift; sourceTree = "<group>"; };
		BA465EDE22CB7A2100550785 /* TopCell.swift */ = {isa = PBXFileReference; lastKnownFileType = sourcecode.swift; path = TopCell.swift; sourceTree = "<group>"; };
		BA465EE022CB7C2900550785 /* MidCell.swift */ = {isa = PBXFileReference; lastKnownFileType = sourcecode.swift; path = MidCell.swift; sourceTree = "<group>"; };
		BA465EE222CB7C3D00550785 /* BottomCell.swift */ = {isa = PBXFileReference; lastKnownFileType = sourcecode.swift; path = BottomCell.swift; sourceTree = "<group>"; };
		BA5E5C9022CB834400AD8A90 /* APIManager.swift */ = {isa = PBXFileReference; lastKnownFileType = sourcecode.swift; path = APIManager.swift; sourceTree = "<group>"; };
		BA5E5C9222CB837A00AD8A90 /* MasterResponse.swift */ = {isa = PBXFileReference; lastKnownFileType = sourcecode.swift; path = MasterResponse.swift; sourceTree = "<group>"; };
		BA5E5C9422CB839C00AD8A90 /* Page.swift */ = {isa = PBXFileReference; lastKnownFileType = sourcecode.swift; path = Page.swift; sourceTree = "<group>"; };
/* End PBXFileReference section */

/* Begin PBXFrameworksBuildPhase section */
		BA465EC422CB56E600550785 /* Frameworks */ = {
			isa = PBXFrameworksBuildPhase;
			buildActionMask = 2147483647;
			files = (
				3131F4B81AC16E065513DDF9 /* Pods_WeatherAppv2.framework in Frameworks */,
			);
			runOnlyForDeploymentPostprocessing = 0;
		};
/* End PBXFrameworksBuildPhase section */

/* Begin PBXGroup section */
		BA465EBE22CB56E600550785 = {
			isa = PBXGroup;
			children = (
				BA465EC922CB56E600550785 /* WeatherAppv2 */,
				BA465EC822CB56E600550785 /* Products */,
				CF0AD1870DAE1D6F83FE8DB1 /* Pods */,
				DB8A0E350366925575BA12D3 /* Frameworks */,
			);
			sourceTree = "<group>";
		};
		BA465EC822CB56E600550785 /* Products */ = {
			isa = PBXGroup;
			children = (
				BA465EC722CB56E600550785 /* WeatherAppv2.app */,
			);
			name = Products;
			sourceTree = "<group>";
		};
		BA465EC922CB56E600550785 /* WeatherAppv2 */ = {
			isa = PBXGroup;
			children = (
				BA465EE622CB824A00550785 /* Constants */,
				BA465EE522CB822600550785 /* Cells */,
				BA465EE422CB820300550785 /* Controller */,
				BA465ECA22CB56E600550785 /* AppDelegate.swift */,
				BA465ECE22CB56E600550785 /* Main.storyboard */,
				BA465ED122CB56E700550785 /* Assets.xcassets */,
				BA465ED322CB56E700550785 /* LaunchScreen.storyboard */,
				BA465ED622CB56E700550785 /* Info.plist */,
			);
			path = WeatherAppv2;
			sourceTree = "<group>";
		};
		BA465EE422CB820300550785 /* Controller */ = {
			isa = PBXGroup;
			children = (
				BA465ECC22CB56E600550785 /* MainController.swift */,
			);
			path = Controller;
			sourceTree = "<group>";
		};
		BA465EE522CB822600550785 /* Cells */ = {
			isa = PBXGroup;
			children = (
				BA465EDC22CB701F00550785 /* ForecastCell.swift */,
				BA465EDE22CB7A2100550785 /* TopCell.swift */,
				BA465EE022CB7C2900550785 /* MidCell.swift */,
				BA465EE222CB7C3D00550785 /* BottomCell.swift */,
			);
			path = Cells;
			sourceTree = "<group>";
		};
		BA465EE622CB824A00550785 /* Constants */ = {
			isa = PBXGroup;
			children = (
				BA5E5C9022CB834400AD8A90 /* APIManager.swift */,
				BA5E5C9422CB839C00AD8A90 /* Page.swift */,
				BA5E5C9222CB837A00AD8A90 /* MasterResponse.swift */,
			);
			path = Constants;
			sourceTree = "<group>";
		};
		CF0AD1870DAE1D6F83FE8DB1 /* Pods */ = {
			isa = PBXGroup;
			children = (
				042E31D1AB64BEF6FAA7D82F /* Pods-WeatherAppv2.debug.xcconfig */,
				46CC6EB34390260EED902C5B /* Pods-WeatherAppv2.release.xcconfig */,
			);
			path = Pods;
			sourceTree = "<group>";
		};
		DB8A0E350366925575BA12D3 /* Frameworks */ = {
			isa = PBXGroup;
			children = (
				B00549264CC0C61B991BCDB1 /* Pods_WeatherAppv2.framework */,
			);
			name = Frameworks;
			sourceTree = "<group>";
		};
/* End PBXGroup section */

/* Begin PBXNativeTarget section */
		BA465EC622CB56E600550785 /* WeatherAppv2 */ = {
			isa = PBXNativeTarget;
			buildConfigurationList = BA465ED922CB56E700550785 /* Build configuration list for PBXNativeTarget "WeatherAppv2" */;
			buildPhases = (
				C33D9A373607454B10D4305A /* [CP] Check Pods Manifest.lock */,
				BA465EC322CB56E600550785 /* Sources */,
				BA465EC422CB56E600550785 /* Frameworks */,
				BA465EC522CB56E600550785 /* Resources */,
				62A21A79DE6D781F8FD29103 /* [CP] Embed Pods Frameworks */,
			);
			buildRules = (
			);
			dependencies = (
			);
			name = WeatherAppv2;
			productName = WeatherAppv2;
			productReference = BA465EC722CB56E600550785 /* WeatherAppv2.app */;
			productType = "com.apple.product-type.application";
		};
/* End PBXNativeTarget section */

/* Begin PBXProject section */
		BA465EBF22CB56E600550785 /* Project object */ = {
			isa = PBXProject;
			attributes = {
				LastSwiftUpdateCheck = 1020;
				LastUpgradeCheck = 1020;
				ORGANIZATIONNAME = "Ömer Şahin";
				TargetAttributes = {
					BA465EC622CB56E600550785 = {
						CreatedOnToolsVersion = 10.2.1;
					};
				};
			};
			buildConfigurationList = BA465EC222CB56E600550785 /* Build configuration list for PBXProject "WeatherAppv2" */;
			compatibilityVersion = "Xcode 9.3";
			developmentRegion = en;
			hasScannedForEncodings = 0;
			knownRegions = (
				en,
				Base,
			);
			mainGroup = BA465EBE22CB56E600550785;
			productRefGroup = BA465EC822CB56E600550785 /* Products */;
			projectDirPath = "";
			projectRoot = "";
			targets = (
				BA465EC622CB56E600550785 /* WeatherAppv2 */,
			);
		};
/* End PBXProject section */

/* Begin PBXResourcesBuildPhase section */
		BA465EC522CB56E600550785 /* Resources */ = {
			isa = PBXResourcesBuildPhase;
			buildActionMask = 2147483647;
			files = (
				BA465ED522CB56E700550785 /* LaunchScreen.storyboard in Resources */,
				BA465ED222CB56E700550785 /* Assets.xcassets in Resources */,
				BA465ED022CB56E600550785 /* Main.storyboard in Resources */,
			);
			runOnlyForDeploymentPostprocessing = 0;
		};
/* End PBXResourcesBuildPhase section */

/* Begin PBXShellScriptBuildPhase section */
		62A21A79DE6D781F8FD29103 /* [CP] Embed Pods Frameworks */ = {
			isa = PBXShellScriptBuildPhase;
			buildActionMask = 2147483647;
			files = (
			);
			inputFileListPaths = (
				"${PODS_ROOT}/Target Support Files/Pods-WeatherAppv2/Pods-WeatherAppv2-frameworks-${CONFIGURATION}-input-files.xcfilelist",
			);
			name = "[CP] Embed Pods Frameworks";
			outputFileListPaths = (
				"${PODS_ROOT}/Target Support Files/Pods-WeatherAppv2/Pods-WeatherAppv2-frameworks-${CONFIGURATION}-output-files.xcfilelist",
			);
			runOnlyForDeploymentPostprocessing = 0;
			shellPath = /bin/sh;
			shellScript = "\"${PODS_ROOT}/Target Support Files/Pods-WeatherAppv2/Pods-WeatherAppv2-frameworks.sh\"\n";
			showEnvVarsInLog = 0;
		};
		C33D9A373607454B10D4305A /* [CP] Check Pods Manifest.lock */ = {
			isa = PBXShellScriptBuildPhase;
			buildActionMask = 2147483647;
			files = (
			);
			inputFileListPaths = (
			);
			inputPaths = (
				"${PODS_PODFILE_DIR_PATH}/Podfile.lock",
				"${PODS_ROOT}/Manifest.lock",
			);
			name = "[CP] Check Pods Manifest.lock";
			outputFileListPaths = (
			);
			outputPaths = (
				"$(DERIVED_FILE_DIR)/Pods-WeatherAppv2-checkManifestLockResult.txt",
			);
			runOnlyForDeploymentPostprocessing = 0;
			shellPath = /bin/sh;
			shellScript = "diff \"${PODS_PODFILE_DIR_PATH}/Podfile.lock\" \"${PODS_ROOT}/Manifest.lock\" > /dev/null\nif [ $? != 0 ] ; then\n    # print error to STDERR\n    echo \"error: The sandbox is not in sync with the Podfile.lock. Run 'pod install' or update your CocoaPods installation.\" >&2\n    exit 1\nfi\n# This output is used by Xcode 'outputs' to avoid re-running this script phase.\necho \"SUCCESS\" > \"${SCRIPT_OUTPUT_FILE_0}\"\n";
			showEnvVarsInLog = 0;
		};
/* End PBXShellScriptBuildPhase section */

/* Begin PBXSourcesBuildPhase section */
		BA465EC322CB56E600550785 /* Sources */ = {
			isa = PBXSourcesBuildPhase;
			buildActionMask = 2147483647;
			files = (
				BA465EE322CB7C3D00550785 /* BottomCell.swift in Sources */,
				BA465ECD22CB56E600550785 /* MainController.swift in Sources */,
				BA5E5C9322CB837A00AD8A90 /* MasterResponse.swift in Sources */,
				BA465EDF22CB7A2100550785 /* TopCell.swift in Sources */,
				BA465EE122CB7C2900550785 /* MidCell.swift in Sources */,
				BA5E5C9522CB839C00AD8A90 /* Page.swift in Sources */,
				BA465EDD22CB701F00550785 /* ForecastCell.swift in Sources */,
				BA465ECB22CB56E600550785 /* AppDelegate.swift in Sources */,
				BA5E5C9122CB834400AD8A90 /* APIManager.swift in Sources */,
			);
			runOnlyForDeploymentPostprocessing = 0;
		};
/* End PBXSourcesBuildPhase section */

/* Begin PBXVariantGroup section */
		BA465ECE22CB56E600550785 /* Main.storyboard */ = {
			isa = PBXVariantGroup;
			children = (
				BA465ECF22CB56E600550785 /* Base */,
			);
			name = Main.storyboard;
			sourceTree = "<group>";
		};
		BA465ED322CB56E700550785 /* LaunchScreen.storyboard */ = {
			isa = PBXVariantGroup;
			children = (
				BA465ED422CB56E700550785 /* Base */,
			);
			name = LaunchScreen.storyboard;
			sourceTree = "<group>";
		};
/* End PBXVariantGroup section */

/* Begin XCBuildConfiguration section */
		BA465ED722CB56E700550785 /* Debug */ = {
			isa = XCBuildConfiguration;
			buildSettings = {
				ALWAYS_SEARCH_USER_PATHS = NO;
				CLANG_ANALYZER_NONNULL = YES;
				CLANG_ANALYZER_NUMBER_OBJECT_CONVERSION = YES_AGGRESSIVE;
				CLANG_CXX_LANGUAGE_STANDARD = "gnu++14";
				CLANG_CXX_LIBRARY = "libc++";
				CLANG_ENABLE_MODULES = YES;
				CLANG_ENABLE_OBJC_ARC = YES;
				CLANG_ENABLE_OBJC_WEAK = YES;
				CLANG_WARN_BLOCK_CAPTURE_AUTORELEASING = YES;
				CLANG_WARN_BOOL_CONVERSION = YES;
				CLANG_WARN_COMMA = YES;
				CLANG_WARN_CONSTANT_CONVERSION = YES;
				CLANG_WARN_DEPRECATED_OBJC_IMPLEMENTATIONS = YES;
				CLANG_WARN_DIRECT_OBJC_ISA_USAGE = YES_ERROR;
				CLANG_WARN_DOCUMENTATION_COMMENTS = YES;
				CLANG_WARN_EMPTY_BODY = YES;
				CLANG_WARN_ENUM_CONVERSION = YES;
				CLANG_WARN_INFINITE_RECURSION = YES;
				CLANG_WARN_INT_CONVERSION = YES;
				CLANG_WARN_NON_LITERAL_NULL_CONVERSION = YES;
				CLANG_WARN_OBJC_IMPLICIT_RETAIN_SELF = YES;
				CLANG_WARN_OBJC_LITERAL_CONVERSION = YES;
				CLANG_WARN_OBJC_ROOT_CLASS = YES_ERROR;
				CLANG_WARN_RANGE_LOOP_ANALYSIS = YES;
				CLANG_WARN_STRICT_PROTOTYPES = YES;
				CLANG_WARN_SUSPICIOUS_MOVE = YES;
				CLANG_WARN_UNGUARDED_AVAILABILITY = YES_AGGRESSIVE;
				CLANG_WARN_UNREACHABLE_CODE = YES;
				CLANG_WARN__DUPLICATE_METHOD_MATCH = YES;
				CODE_SIGN_IDENTITY = "iPhone Developer";
				COPY_PHASE_STRIP = NO;
				DEBUG_INFORMATION_FORMAT = dwarf;
				ENABLE_STRICT_OBJC_MSGSEND = YES;
				ENABLE_TESTABILITY = YES;
				GCC_C_LANGUAGE_STANDARD = gnu11;
				GCC_DYNAMIC_NO_PIC = NO;
				GCC_NO_COMMON_BLOCKS = YES;
				GCC_OPTIMIZATION_LEVEL = 0;
				GCC_PREPROCESSOR_DEFINITIONS = (
					"DEBUG=1",
					"$(inherited)",
				);
				GCC_WARN_64_TO_32_BIT_CONVERSION = YES;
				GCC_WARN_ABOUT_RETURN_TYPE = YES_ERROR;
				GCC_WARN_UNDECLARED_SELECTOR = YES;
				GCC_WARN_UNINITIALIZED_AUTOS = YES_AGGRESSIVE;
				GCC_WARN_UNUSED_FUNCTION = YES;
				GCC_WARN_UNUSED_VARIABLE = YES;
				IPHONEOS_DEPLOYMENT_TARGET = 12.2;
				MTL_ENABLE_DEBUG_INFO = INCLUDE_SOURCE;
				MTL_FAST_MATH = YES;
				ONLY_ACTIVE_ARCH = YES;
				SDKROOT = iphoneos;
				SWIFT_ACTIVE_COMPILATION_CONDITIONS = DEBUG;
				SWIFT_OPTIMIZATION_LEVEL = "-Onone";
			};
			name = Debug;
		};
		BA465ED822CB56E700550785 /* Release */ = {
			isa = XCBuildConfiguration;
			buildSettings = {
				ALWAYS_SEARCH_USER_PATHS = NO;
				CLANG_ANALYZER_NONNULL = YES;
				CLANG_ANALYZER_NUMBER_OBJECT_CONVERSION = YES_AGGRESSIVE;
				CLANG_CXX_LANGUAGE_STANDARD = "gnu++14";
				CLANG_CXX_LIBRARY = "libc++";
				CLANG_ENABLE_MODULES = YES;
				CLANG_ENABLE_OBJC_ARC = YES;
				CLANG_ENABLE_OBJC_WEAK = YES;
				CLANG_WARN_BLOCK_CAPTURE_AUTORELEASING = YES;
				CLANG_WARN_BOOL_CONVERSION = YES;
				CLANG_WARN_COMMA = YES;
				CLANG_WARN_CONSTANT_CONVERSION = YES;
				CLANG_WARN_DEPRECATED_OBJC_IMPLEMENTATIONS = YES;
				CLANG_WARN_DIRECT_OBJC_ISA_USAGE = YES_ERROR;
				CLANG_WARN_DOCUMENTATION_COMMENTS = YES;
				CLANG_WARN_EMPTY_BODY = YES;
				CLANG_WARN_ENUM_CONVERSION = YES;
				CLANG_WARN_INFINITE_RECURSION = YES;
				CLANG_WARN_INT_CONVERSION = YES;
				CLANG_WARN_NON_LITERAL_NULL_CONVERSION = YES;
				CLANG_WARN_OBJC_IMPLICIT_RETAIN_SELF = YES;
				CLANG_WARN_OBJC_LITERAL_CONVERSION = YES;
				CLANG_WARN_OBJC_ROOT_CLASS = YES_ERROR;
				CLANG_WARN_RANGE_LOOP_ANALYSIS = YES;
				CLANG_WARN_STRICT_PROTOTYPES = YES;
				CLANG_WARN_SUSPICIOUS_MOVE = YES;
				CLANG_WARN_UNGUARDED_AVAILABILITY = YES_AGGRESSIVE;
				CLANG_WARN_UNREACHABLE_CODE = YES;
				CLANG_WARN__DUPLICATE_METHOD_MATCH = YES;
				CODE_SIGN_IDENTITY = "iPhone Developer";
				COPY_PHASE_STRIP = NO;
				DEBUG_INFORMATION_FORMAT = "dwarf-with-dsym";
				ENABLE_NS_ASSERTIONS = NO;
				ENABLE_STRICT_OBJC_MSGSEND = YES;
				GCC_C_LANGUAGE_STANDARD = gnu11;
				GCC_NO_COMMON_BLOCKS = YES;
				GCC_WARN_64_TO_32_BIT_CONVERSION = YES;
				GCC_WARN_ABOUT_RETURN_TYPE = YES_ERROR;
				GCC_WARN_UNDECLARED_SELECTOR = YES;
				GCC_WARN_UNINITIALIZED_AUTOS = YES_AGGRESSIVE;
				GCC_WARN_UNUSED_FUNCTION = YES;
				GCC_WARN_UNUSED_VARIABLE = YES;
				IPHONEOS_DEPLOYMENT_TARGET = 12.2;
				MTL_ENABLE_DEBUG_INFO = NO;
				MTL_FAST_MATH = YES;
				SDKROOT = iphoneos;
				SWIFT_COMPILATION_MODE = wholemodule;
				SWIFT_OPTIMIZATION_LEVEL = "-O";
				VALIDATE_PRODUCT = YES;
			};
			name = Release;
		};
		BA465EDA22CB56E700550785 /* Debug */ = {
			isa = XCBuildConfiguration;
			baseConfigurationReference = 042E31D1AB64BEF6FAA7D82F /* Pods-WeatherAppv2.debug.xcconfig */;
			buildSettings = {
				ASSETCATALOG_COMPILER_APPICON_NAME = AppIcon;
				CODE_SIGN_STYLE = Automatic;
				INFOPLIST_FILE = WeatherAppv2/Info.plist;
				LD_RUNPATH_SEARCH_PATHS = (
					"$(inherited)",
					"@executable_path/Frameworks",
				);
				PRODUCT_BUNDLE_IDENTIFIER = com.tekna.WeatherAppv2;
				PRODUCT_NAME = "$(TARGET_NAME)";
				SWIFT_VERSION = 5.0;
				TARGETED_DEVICE_FAMILY = "1,2";
			};
			name = Debug;
		};
		BA465EDB22CB56E700550785 /* Release */ = {
			isa = XCBuildConfiguration;
			baseConfigurationReference = 46CC6EB34390260EED902C5B /* Pods-WeatherAppv2.release.xcconfig */;
			buildSettings = {
				ASSETCATALOG_COMPILER_APPICON_NAME = AppIcon;
				CODE_SIGN_STYLE = Automatic;
				INFOPLIST_FILE = WeatherAppv2/Info.plist;
				LD_RUNPATH_SEARCH_PATHS = (
					"$(inherited)",
					"@executable_path/Frameworks",
				);
				PRODUCT_BUNDLE_IDENTIFIER = com.tekna.WeatherAppv2;
				PRODUCT_NAME = "$(TARGET_NAME)";
				SWIFT_VERSION = 5.0;
				TARGETED_DEVICE_FAMILY = "1,2";
			};
			name = Release;
		};
/* End XCBuildConfiguration section */

/* Begin XCConfigurationList section */
		BA465EC222CB56E600550785 /* Build configuration list for PBXProject "WeatherAppv2" */ = {
			isa = XCConfigurationList;
			buildConfigurations = (
				BA465ED722CB56E700550785 /* Debug */,
				BA465ED822CB56E700550785 /* Release */,
			);
			defaultConfigurationIsVisible = 0;
			defaultConfigurationName = Release;
		};
		BA465ED922CB56E700550785 /* Build configuration list for PBXNativeTarget "WeatherAppv2" */ = {
			isa = XCConfigurationList;
			buildConfigurations = (
				BA465EDA22CB56E700550785 /* Debug */,
				BA465EDB22CB56E700550785 /* Release */,
			);
			defaultConfigurationIsVisible = 0;
			defaultConfigurationName = Release;
		};
/* End XCConfigurationList section */
	};
	rootObject = BA465EBF22CB56E600550785 /* Project object */;
}
